
Microsoft Visual Studio Solution File, Format Version 12.00
# Visual Studio Version 17
VisualStudioVersion = 17.3.32901.215
MinimumVisualStudioVersion = 10.0.40219.1
Project("{FAE04EC0-301F-11D3-BF4B-00C04F79EFBC}") = "HouseRentingSystem", "HouseRentingSystem\HouseRentingSystem.csproj", "{82779BE9-34B5-4DFF-9F0E-E96462E9AEB2}"
EndProject
Global
	GlobalSection(SolutionConfigurationPlatforms) = preSolution
		Debug|Any CPU = Debug|Any CPU
		Release|Any CPU = Release|Any CPU
	EndGlobalSection
	GlobalSection(ProjectConfigurationPlatforms) = postSolution
		{82779BE9-34B5-4DFF-9F0E-E96462E9AEB2}.Debug|Any CPU.ActiveCfg = Debug|Any CPU
		{82779BE9-34B5-4DFF-9F0E-E96462E9AEB2}.Debug|Any CPU.Build.0 = Debug|Any CPU
		{82779BE9-34B5-4DFF-9F0E-E96462E9AEB2}.Release|Any CPU.ActiveCfg = Release|Any CPU
		{82779BE9-34B5-4DFF-9F0E-E96462E9AEB2}.Release|Any CPU.Build.0 = Release|Any CPU
	EndGlobalSection
	GlobalSection(SolutionProperties) = preSolution
		HideSolutionNode = FALSE
	EndGlobalSection
	GlobalSection(ExtensibilityGlobals) = postSolution
		SolutionGuid = {9222C652-87C5-46C7-A138-0CE0E475ED61}
	EndGlobalSection
EndGlobal
